
Microsoft Visual Studio Solution File, Format Version 12.00
# Visual Studio 2012
Project("{FAE04EC0-301F-11D3-BF4B-00C04F79EFBC}") = "NetSystemConfigurationExample", "NetSystemConfigurationExample.csproj", "{F0112E07-2208-4D2C-A8B3-A96941C3F4DC}"
EndProject
Project("{2150E333-8FDC-42A3-9474-1A3956D46DE8}") = "Solution Items", "Solution Items", "{021A03E0-D308-4DB4-AAFE-D2B2DA1796A6}"
	ProjectSection(SolutionItems) = preProject
		Readme.md = Readme.md
	EndProjectSection
EndProject
Global
	GlobalSection(SolutionConfigurationPlatforms) = preSolution
		Debug|Any CPU = Debug|Any CPU
		Release|Any CPU = Release|Any CPU
	EndGlobalSection
	GlobalSection(ProjectConfigurationPlatforms) = postSolution
		{F0112E07-2208-4D2C-A8B3-A96941C3F4DC}.Debug|Any CPU.ActiveCfg = Debug|Any CPU
		{F0112E07-2208-4D2C-A8B3-A96941C3F4DC}.Debug|Any CPU.Build.0 = Debug|Any CPU
		{F0112E07-2208-4D2C-A8B3-A96941C3F4DC}.Release|Any CPU.ActiveCfg = Release|Any CPU
		{F0112E07-2208-4D2C-A8B3-A96941C3F4DC}.Release|Any CPU.Build.0 = Release|Any CPU
	EndGlobalSection
	GlobalSection(SolutionProperties) = preSolution
		HideSolutionNode = FALSE
	EndGlobalSection
EndGlobal
